
Microsoft Visual Studio Solution File, Format Version 12.00
# Visual Studio Version 17
VisualStudioVersion = 17.3.32901.215
MinimumVisualStudioVersion = 10.0.40219.1
Project("{FAE04EC0-301F-11D3-BF4B-00C04F79EFBC}") = "DelegateLab001", "DelegateLab001\DelegateLab001.csproj", "{11512A89-4E24-4AFC-A109-4AEF64857F64}"
EndProject
Global
	GlobalSection(SolutionConfigurationPlatforms) = preSolution
		Debug|Any CPU = Debug|Any CPU
		Release|Any CPU = Release|Any CPU
	EndGlobalSection
	GlobalSection(ProjectConfigurationPlatforms) = postSolution
		{11512A89-4E24-4AFC-A109-4AEF64857F64}.Debug|Any CPU.ActiveCfg = Debug|Any CPU
		{11512A89-4E24-4AFC-A109-4AEF64857F64}.Debug|Any CPU.Build.0 = Debug|Any CPU
		{11512A89-4E24-4AFC-A109-4AEF64857F64}.Release|Any CPU.ActiveCfg = Release|Any CPU
		{11512A89-4E24-4AFC-A109-4AEF64857F64}.Release|Any CPU.Build.0 = Release|Any CPU
	EndGlobalSection
	GlobalSection(SolutionProperties) = preSolution
		HideSolutionNode = FALSE
	EndGlobalSection
	GlobalSection(ExtensibilityGlobals) = postSolution
		SolutionGuid = {1F1BDE6C-2DE5-422C-83B0-365AC01B6221}
	EndGlobalSection
EndGlobal
